
Microsoft Visual Studio Solution File, Format Version 12.00
# Visual Studio Version 17
VisualStudioVersion = 17.9.34902.65
MinimumVisualStudioVersion = 10.0.40219.1
Project("{FAE04EC0-301F-11D3-BF4B-00C04F79EFBC}") = "AutomobiliuValdymoSistema2", "AutomobiliuValdymoSistema2\AutomobiliuValdymoSistema2.csproj", "{631443BB-1A74-468F-BA4B-61A6B3008ED7}"
EndProject
Global
	GlobalSection(SolutionConfigurationPlatforms) = preSolution
		Debug|Any CPU = Debug|Any CPU
		Release|Any CPU = Release|Any CPU
	EndGlobalSection
	GlobalSection(ProjectConfigurationPlatforms) = postSolution
		{631443BB-1A74-468F-BA4B-61A6B3008ED7}.Debug|Any CPU.ActiveCfg = Debug|Any CPU
		{631443BB-1A74-468F-BA4B-61A6B3008ED7}.Debug|Any CPU.Build.0 = Debug|Any CPU
		{631443BB-1A74-468F-BA4B-61A6B3008ED7}.Release|Any CPU.ActiveCfg = Release|Any CPU
		{631443BB-1A74-468F-BA4B-61A6B3008ED7}.Release|Any CPU.Build.0 = Release|Any CPU
	EndGlobalSection
	GlobalSection(SolutionProperties) = preSolution
		HideSolutionNode = FALSE
	EndGlobalSection
	GlobalSection(ExtensibilityGlobals) = postSolution
		SolutionGuid = {82257E6A-B494-4077-ACB9-A9A708FE0396}
	EndGlobalSection
EndGlobal
